
Microsoft Visual Studio Solution File, Format Version 12.00
# Visual Studio Version 17
VisualStudioVersion = 17.9.34622.214
MinimumVisualStudioVersion = 10.0.40219.1
Project("{FAE04EC0-301F-11D3-BF4B-00C04F79EFBC}") = "FitnessApp", "FitnessApp\FitnessApp.csproj", "{4E32873C-4A1A-4090-8192-DA4BF6C76725}"
EndProject
Global
	GlobalSection(SolutionConfigurationPlatforms) = preSolution
		Debug|Any CPU = Debug|Any CPU
		Release|Any CPU = Release|Any CPU
	EndGlobalSection
	GlobalSection(ProjectConfigurationPlatforms) = postSolution
		{4E32873C-4A1A-4090-8192-DA4BF6C76725}.Debug|Any CPU.ActiveCfg = Debug|Any CPU
		{4E32873C-4A1A-4090-8192-DA4BF6C76725}.Debug|Any CPU.Build.0 = Debug|Any CPU
		{4E32873C-4A1A-4090-8192-DA4BF6C76725}.Debug|Any CPU.Deploy.0 = Debug|Any CPU
		{4E32873C-4A1A-4090-8192-DA4BF6C76725}.Release|Any CPU.ActiveCfg = Release|Any CPU
		{4E32873C-4A1A-4090-8192-DA4BF6C76725}.Release|Any CPU.Build.0 = Release|Any CPU
		{4E32873C-4A1A-4090-8192-DA4BF6C76725}.Release|Any CPU.Deploy.0 = Release|Any CPU
	EndGlobalSection
	GlobalSection(SolutionProperties) = preSolution
		HideSolutionNode = FALSE
	EndGlobalSection
	GlobalSection(ExtensibilityGlobals) = postSolution
		SolutionGuid = {81E08F99-4042-47D1-A071-EB53C4CB4271}
	EndGlobalSection
EndGlobal
